PODS:
  - Alamofire (5.8.0)
  - SFSafeSymbols (4.1.1)
  - SwiftGen (6.6.2)

DEPENDENCIES:
  - Alamofire
  - SFSafeSymbols
  - SwiftGen

SPEC REPOS:
  trunk:
    - Alamofire
    - SFSafeSymbols
    - SwiftGen

SPEC CHECKSUMS:
  Alamofire: 0e92e751b3e9e66d7982db43919d01f313b8eb91
  SFSafeSymbols: 902576dbf8ea16b4c6152cef2a26e47b3f55defb
  SwiftGen: 1366a7f71aeef49954ca5a63ba4bef6b0f24138c

PODFILE CHECKSUM: 14b0dbebd14fff7e137230305adb1916a7c765fa

COCOAPODS: 1.12.1
